
Microsoft Visual Studio Solution File, Format Version 12.00
# Visual Studio Version 16
VisualStudioVersion = 16.0.31702.278
MinimumVisualStudioVersion = 10.0.40219.1
Project("{8BC9CEB8-8B4A-11D0-8D11-00A0C91BC942}") = "lab3.2user", "lab3.2user\lab3.2user.vcxproj", "{900EF760-F9E0-45FA-B166-5679AFB0E587}"
EndProject
Global
	GlobalSection(SolutionConfigurationPlatforms) = preSolution
		Debug|x64 = Debug|x64
		Debug|x86 = Debug|x86
		Release|x64 = Release|x64
		Release|x86 = Release|x86
	EndGlobalSection
	GlobalSection(ProjectConfigurationPlatforms) = postSolution
		{900EF760-F9E0-45FA-B166-5679AFB0E587}.Debug|x64.ActiveCfg = Debug|x64
		{900EF760-F9E0-45FA-B166-5679AFB0E587}.Debug|x64.Build.0 = Debug|x64
		{900EF760-F9E0-45FA-B166-5679AFB0E587}.Debug|x86.ActiveCfg = Debug|Win32
		{900EF760-F9E0-45FA-B166-5679AFB0E587}.Debug|x86.Build.0 = Debug|Win32
		{900EF760-F9E0-45FA-B166-5679AFB0E587}.Release|x64.ActiveCfg = Release|x64
		{900EF760-F9E0-45FA-B166-5679AFB0E587}.Release|x64.Build.0 = Release|x64
		{900EF760-F9E0-45FA-B166-5679AFB0E587}.Release|x86.ActiveCfg = Release|Win32
		{900EF760-F9E0-45FA-B166-5679AFB0E587}.Release|x86.Build.0 = Release|Win32
	EndGlobalSection
	GlobalSection(SolutionProperties) = preSolution
		HideSolutionNode = FALSE
	EndGlobalSection
	GlobalSection(ExtensibilityGlobals) = postSolution
		SolutionGuid = {CB05D126-880A-479A-A2B7-42483DF038A9}
	EndGlobalSection
EndGlobal
